// !$*UTF8*$!
{
	archiveVersion = 1;
	classes = {
	};
	objectVersion = 55;
	objects = {

/* Begin PBXBuildFile section */
		0D516133C817255905FA4E4D /* Pods_SweepAppTests.framework in Frameworks */ = {isa = PBXBuildFile; fileRef = 0FD8A595C3657F11A785A39C /* Pods_SweepAppTests.framework */; };
		10039EF764C1880CDE304AFE /* Pods_SweepApp_SweepAppUITests.framework in Frameworks */ = {isa = PBXBuildFile; fileRef = 81D29A45235440DF1E818E77 /* Pods_SweepApp_SweepAppUITests.framework */; };
		3FA9975C28CB646C00597EFF /* AppDelegate.swift in Sources */ = {isa = PBXBuildFile; fileRef = 3FA9975B28CB646C00597EFF /* AppDelegate.swift */; };
		3FA9975E28CB646C00597EFF /* SceneDelegate.swift in Sources */ = {isa = PBXBuildFile; fileRef = 3FA9975D28CB646C00597EFF /* SceneDelegate.swift */; };
		3FA9976028CB646C00597EFF /* ViewController.swift in Sources */ = {isa = PBXBuildFile; fileRef = 3FA9975F28CB646C00597EFF /* ViewController.swift */; };
		3FA9976828CB646F00597EFF /* LaunchScreen.storyboard in Resources */ = {isa = PBXBuildFile; fileRef = 3FA9976628CB646F00597EFF /* LaunchScreen.storyboard */; };
		3FA9977328CB646F00597EFF /* SweepAppTests.swift in Sources */ = {isa = PBXBuildFile; fileRef = 3FA9977228CB646F00597EFF /* SweepAppTests.swift */; };
		3FA9977D28CB646F00597EFF /* SweepAppUITests.swift in Sources */ = {isa = PBXBuildFile; fileRef = 3FA9977C28CB646F00597EFF /* SweepAppUITests.swift */; };
		3FA9977F28CB646F00597EFF /* SweepAppUITestsLaunchTests.swift in Sources */ = {isa = PBXBuildFile; fileRef = 3FA9977E28CB646F00597EFF /* SweepAppUITestsLaunchTests.swift */; };
		854C723C28CF7230009A9301 /* CoreDataManagerTests.swift in Sources */ = {isa = PBXBuildFile; fileRef = 854C723B28CF7230009A9301 /* CoreDataManagerTests.swift */; };
		85526B5728CB7F3700A7C790 /* SweepAppDatabase.xcdatamodeld in Sources */ = {isa = PBXBuildFile; fileRef = 85526B5528CB7F3700A7C790 /* SweepAppDatabase.xcdatamodeld */; };
		85526B6328CB863500A7C790 /* ViewModel.swift in Sources */ = {isa = PBXBuildFile; fileRef = 85526B6228CB863500A7C790 /* ViewModel.swift */; };
		85526B6528CB866700A7C790 /* CoreDataManager.swift in Sources */ = {isa = PBXBuildFile; fileRef = 85526B6428CB866700A7C790 /* CoreDataManager.swift */; };
		85526B6728CB868300A7C790 /* Task.swift in Sources */ = {isa = PBXBuildFile; fileRef = 85526B6628CB868300A7C790 /* Task.swift */; };
		85ECDCA428D10F0700E5C025 /* TasksCollectionViewCell.swift in Sources */ = {isa = PBXBuildFile; fileRef = 85ECDCA328D10F0700E5C025 /* TasksCollectionViewCell.swift */; };
		85ECDCA628D10F2700E5C025 /* TaskMoc.swift in Sources */ = {isa = PBXBuildFile; fileRef = 85ECDCA528D10F2700E5C025 /* TaskMoc.swift */; };
		85ECDCA928D10F9300E5C025 /* ViewCoding.swift in Sources */ = {isa = PBXBuildFile; fileRef = 85ECDCA828D10F9300E5C025 /* ViewCoding.swift */; };
		85ECDCAB28D269AB00E5C025 /* AddTaskViewController.swift in Sources */ = {isa = PBXBuildFile; fileRef = 85ECDCAA28D269AB00E5C025 /* AddTaskViewController.swift */; };
		85ECDCEA28D29CE400E5C025 /* AddTaskWindowView.swift in Sources */ = {isa = PBXBuildFile; fileRef = 85ECDCE928D29CE400E5C025 /* AddTaskWindowView.swift */; };
		85ECDCEC28D3644500E5C025 /* TextFieldWithPadding.swift in Sources */ = {isa = PBXBuildFile; fileRef = 85ECDCEB28D3644500E5C025 /* TextFieldWithPadding.swift */; };
		85ECDCEE28D3664800E5C025 /* Assets.xcassets in Resources */ = {isa = PBXBuildFile; fileRef = 85ECDCED28D3664800E5C025 /* Assets.xcassets */; };
		E52DD3D389139AA478139954 /* Pods_SweepApp.framework in Frameworks */ = {isa = PBXBuildFile; fileRef = 567DA25A29E41546A0BFD403 /* Pods_SweepApp.framework */; };
/* End PBXBuildFile section */

/* Begin PBXContainerItemProxy section */
		3FA9976F28CB646F00597EFF /* PBXContainerItemProxy */ = {
			isa = PBXContainerItemProxy;
			containerPortal = 3FA9975028CB646C00597EFF /* Project object */;
			proxyType = 1;
			remoteGlobalIDString = 3FA9975728CB646C00597EFF;
			remoteInfo = SweepApp;
		};
		3FA9977928CB646F00597EFF /* PBXContainerItemProxy */ = {
			isa = PBXContainerItemProxy;
			containerPortal = 3FA9975028CB646C00597EFF /* Project object */;
			proxyType = 1;
			remoteGlobalIDString = 3FA9975728CB646C00597EFF;
			remoteInfo = SweepApp;
		};
/* End PBXContainerItemProxy section */

/* Begin PBXFileReference section */
		0782B2A80A44BDB90992B2E8 /* Pods-SweepAppTests.debug.xcconfig */ = {isa = PBXFileReference; includeInIndex = 1; lastKnownFileType = text.xcconfig; name = "Pods-SweepAppTests.debug.xcconfig"; path = "Target Support Files/Pods-SweepAppTests/Pods-SweepAppTests.debug.xcconfig"; sourceTree = "<group>"; };
		0FD8A595C3657F11A785A39C /* Pods_SweepAppTests.framework */ = {isa = PBXFileReference; explicitFileType = wrapper.framework; includeInIndex = 0; path = Pods_SweepAppTests.framework; sourceTree = BUILT_PRODUCTS_DIR; };
		2906FF8D5151548574DEAFDF /* Pods-SweepApp-SweepAppUITests.debug.xcconfig */ = {isa = PBXFileReference; includeInIndex = 1; lastKnownFileType = text.xcconfig; name = "Pods-SweepApp-SweepAppUITests.debug.xcconfig"; path = "Target Support Files/Pods-SweepApp-SweepAppUITests/Pods-SweepApp-SweepAppUITests.debug.xcconfig"; sourceTree = "<group>"; };
		3FA9975828CB646C00597EFF /* SweepApp.app */ = {isa = PBXFileReference; explicitFileType = wrapper.application; includeInIndex = 0; path = SweepApp.app; sourceTree = BUILT_PRODUCTS_DIR; };
		3FA9975B28CB646C00597EFF /* AppDelegate.swift */ = {isa = PBXFileReference; lastKnownFileType = sourcecode.swift; path = AppDelegate.swift; sourceTree = "<group>"; };
		3FA9975D28CB646C00597EFF /* SceneDelegate.swift */ = {isa = PBXFileReference; lastKnownFileType = sourcecode.swift; path = SceneDelegate.swift; sourceTree = "<group>"; };
		3FA9975F28CB646C00597EFF /* ViewController.swift */ = {isa = PBXFileReference; lastKnownFileType = sourcecode.swift; path = ViewController.swift; sourceTree = "<group>"; };
		3FA9976728CB646F00597EFF /* Base */ = {isa = PBXFileReference; lastKnownFileType = file.storyboard; name = Base; path = Base.lproj/LaunchScreen.storyboard; sourceTree = "<group>"; };
		3FA9976928CB646F00597EFF /* Info.plist */ = {isa = PBXFileReference; lastKnownFileType = text.plist.xml; path = Info.plist; sourceTree = "<group>"; };
		3FA9976E28CB646F00597EFF /* SweepAppTests.xctest */ = {isa = PBXFileReference; explicitFileType = wrapper.cfbundle; includeInIndex = 0; path = SweepAppTests.xctest; sourceTree = BUILT_PRODUCTS_DIR; };
		3FA9977228CB646F00597EFF /* SweepAppTests.swift */ = {isa = PBXFileReference; lastKnownFileType = sourcecode.swift; path = SweepAppTests.swift; sourceTree = "<group>"; };
		3FA9977828CB646F00597EFF /* SweepAppUITests.xctest */ = {isa = PBXFileReference; explicitFileType = wrapper.cfbundle; includeInIndex = 0; path = SweepAppUITests.xctest; sourceTree = BUILT_PRODUCTS_DIR; };
		3FA9977C28CB646F00597EFF /* SweepAppUITests.swift */ = {isa = PBXFileReference; lastKnownFileType = sourcecode.swift; path = SweepAppUITests.swift; sourceTree = "<group>"; };
		3FA9977E28CB646F00597EFF /* SweepAppUITestsLaunchTests.swift */ = {isa = PBXFileReference; lastKnownFileType = sourcecode.swift; path = SweepAppUITestsLaunchTests.swift; sourceTree = "<group>"; };
		567DA25A29E41546A0BFD403 /* Pods_SweepApp.framework */ = {isa = PBXFileReference; explicitFileType = wrapper.framework; includeInIndex = 0; path = Pods_SweepApp.framework; sourceTree = BUILT_PRODUCTS_DIR; };
		7676043A4293BD7D2FE2252A /* Pods-SweepAppTests.release.xcconfig */ = {isa = PBXFileReference; includeInIndex = 1; lastKnownFileType = text.xcconfig; name = "Pods-SweepAppTests.release.xcconfig"; path = "Target Support Files/Pods-SweepAppTests/Pods-SweepAppTests.release.xcconfig"; sourceTree = "<group>"; };
		81D29A45235440DF1E818E77 /* Pods_SweepApp_SweepAppUITests.framework */ = {isa = PBXFileReference; explicitFileType = wrapper.framework; includeInIndex = 0; path = Pods_SweepApp_SweepAppUITests.framework; sourceTree = BUILT_PRODUCTS_DIR; };
		854C723B28CF7230009A9301 /* CoreDataManagerTests.swift */ = {isa = PBXFileReference; lastKnownFileType = sourcecode.swift; path = CoreDataManagerTests.swift; sourceTree = "<group>"; };
		85526B5628CB7F3700A7C790 /* SweepAppDatabase.xcdatamodel */ = {isa = PBXFileReference; lastKnownFileType = wrapper.xcdatamodel; path = SweepAppDatabase.xcdatamodel; sourceTree = "<group>"; };
		85526B6228CB863500A7C790 /* ViewModel.swift */ = {isa = PBXFileReference; lastKnownFileType = sourcecode.swift; path = ViewModel.swift; sourceTree = "<group>"; };
		85526B6428CB866700A7C790 /* CoreDataManager.swift */ = {isa = PBXFileReference; lastKnownFileType = sourcecode.swift; path = CoreDataManager.swift; sourceTree = "<group>"; };
		85526B6628CB868300A7C790 /* Task.swift */ = {isa = PBXFileReference; lastKnownFileType = sourcecode.swift; path = Task.swift; sourceTree = "<group>"; };
		85ECDCA328D10F0700E5C025 /* TasksCollectionViewCell.swift */ = {isa = PBXFileReference; lastKnownFileType = sourcecode.swift; path = TasksCollectionViewCell.swift; sourceTree = "<group>"; };
		85ECDCA528D10F2700E5C025 /* TaskMoc.swift */ = {isa = PBXFileReference; lastKnownFileType = sourcecode.swift; path = TaskMoc.swift; sourceTree = "<group>"; };
		85ECDCA828D10F9300E5C025 /* ViewCoding.swift */ = {isa = PBXFileReference; lastKnownFileType = sourcecode.swift; path = ViewCoding.swift; sourceTree = "<group>"; };
		85ECDCAA28D269AB00E5C025 /* AddTaskViewController.swift */ = {isa = PBXFileReference; lastKnownFileType = sourcecode.swift; path = AddTaskViewController.swift; sourceTree = "<group>"; };
		85ECDCE928D29CE400E5C025 /* AddTaskWindowView.swift */ = {isa = PBXFileReference; lastKnownFileType = sourcecode.swift; path = AddTaskWindowView.swift; sourceTree = "<group>"; };
		85ECDCEB28D3644500E5C025 /* TextFieldWithPadding.swift */ = {isa = PBXFileReference; lastKnownFileType = sourcecode.swift; path = TextFieldWithPadding.swift; sourceTree = "<group>"; };
		85ECDCED28D3664800E5C025 /* Assets.xcassets */ = {isa = PBXFileReference; lastKnownFileType = folder.assetcatalog; path = Assets.xcassets; sourceTree = "<group>"; };
		AF58D6E0120B9B81243BAFF2 /* Pods-SweepApp.debug.xcconfig */ = {isa = PBXFileReference; includeInIndex = 1; lastKnownFileType = text.xcconfig; name = "Pods-SweepApp.debug.xcconfig"; path = "Target Support Files/Pods-SweepApp/Pods-SweepApp.debug.xcconfig"; sourceTree = "<group>"; };
		D37DD173EE739BD31C9EE0CE /* Pods-SweepApp.release.xcconfig */ = {isa = PBXFileReference; includeInIndex = 1; lastKnownFileType = text.xcconfig; name = "Pods-SweepApp.release.xcconfig"; path = "Target Support Files/Pods-SweepApp/Pods-SweepApp.release.xcconfig"; sourceTree = "<group>"; };
		FC4E1D9FD46A7626C30F967C /* Pods-SweepApp-SweepAppUITests.release.xcconfig */ = {isa = PBXFileReference; includeInIndex = 1; lastKnownFileType = text.xcconfig; name = "Pods-SweepApp-SweepAppUITests.release.xcconfig"; path = "Target Support Files/Pods-SweepApp-SweepAppUITests/Pods-SweepApp-SweepAppUITests.release.xcconfig"; sourceTree = "<group>"; };
/* End PBXFileReference section */

/* Begin PBXFrameworksBuildPhase section */
		3FA9975528CB646C00597EFF /* Frameworks */ = {
			isa = PBXFrameworksBuildPhase;
			buildActionMask = 2147483647;
			files = (
				E52DD3D389139AA478139954 /* Pods_SweepApp.framework in Frameworks */,
			);
			runOnlyForDeploymentPostprocessing = 0;
		};
		3FA9976B28CB646F00597EFF /* Frameworks */ = {
			isa = PBXFrameworksBuildPhase;
			buildActionMask = 2147483647;
			files = (
				0D516133C817255905FA4E4D /* Pods_SweepAppTests.framework in Frameworks */,
			);
			runOnlyForDeploymentPostprocessing = 0;
		};
		3FA9977528CB646F00597EFF /* Frameworks */ = {
			isa = PBXFrameworksBuildPhase;
			buildActionMask = 2147483647;
			files = (
				10039EF764C1880CDE304AFE /* Pods_SweepApp_SweepAppUITests.framework in Frameworks */,
			);
			runOnlyForDeploymentPostprocessing = 0;
		};
/* End PBXFrameworksBuildPhase section */

/* Begin PBXGroup section */
		3FA9974F28CB646C00597EFF = {
			isa = PBXGroup;
			children = (
				3FA9975A28CB646C00597EFF /* SweepApp */,
				3FA9977128CB646F00597EFF /* SweepAppTests */,
				3FA9977B28CB646F00597EFF /* SweepAppUITests */,
				3FA9975928CB646C00597EFF /* Products */,
				D666CB542A66673297D56BA3 /* Pods */,
				CACDCE153BE977B24A6E8B7B /* Frameworks */,
			);
			sourceTree = "<group>";
		};
		3FA9975928CB646C00597EFF /* Products */ = {
			isa = PBXGroup;
			children = (
				3FA9975828CB646C00597EFF /* SweepApp.app */,
				3FA9976E28CB646F00597EFF /* SweepAppTests.xctest */,
				3FA9977828CB646F00597EFF /* SweepAppUITests.xctest */,
			);
			name = Products;
			sourceTree = "<group>";
		};
		3FA9975A28CB646C00597EFF /* SweepApp */ = {
			isa = PBXGroup;
			children = (
				85526B5A28CB7F9D00A7C790 /* Resource */,
				85526B5928CB7F9100A7C790 /* Source */,
				85526B5828CB7F8800A7C790 /* Application */,
				3FA9976628CB646F00597EFF /* LaunchScreen.storyboard */,
				3FA9976928CB646F00597EFF /* Info.plist */,
			);
			path = SweepApp;
			sourceTree = "<group>";
		};
		3FA9977128CB646F00597EFF /* SweepAppTests */ = {
			isa = PBXGroup;
			children = (
				3FA9977228CB646F00597EFF /* SweepAppTests.swift */,
				854C723B28CF7230009A9301 /* CoreDataManagerTests.swift */,
			);
			path = SweepAppTests;
			sourceTree = "<group>";
		};
		3FA9977B28CB646F00597EFF /* SweepAppUITests */ = {
			isa = PBXGroup;
			children = (
				3FA9977C28CB646F00597EFF /* SweepAppUITests.swift */,
				3FA9977E28CB646F00597EFF /* SweepAppUITestsLaunchTests.swift */,
			);
			path = SweepAppUITests;
			sourceTree = "<group>";
		};
		85526B5828CB7F8800A7C790 /* Application */ = {
			isa = PBXGroup;
			children = (
				3FA9975D28CB646C00597EFF /* SceneDelegate.swift */,
				3FA9975B28CB646C00597EFF /* AppDelegate.swift */,
			);
			path = Application;
			sourceTree = "<group>";
		};
		85526B5928CB7F9100A7C790 /* Source */ = {
			isa = PBXGroup;
			children = (
				85ECDCA728D10F7F00E5C025 /* Protocols */,
				85526B5B28CB84A100A7C790 /* Views */,
				85526B5E28CB84B400A7C790 /* Controllers */,
				85526B5D28CB84AF00A7C790 /* ViewModels */,
				85526B5C28CB84A900A7C790 /* Models */,
				85526B5F28CB84C400A7C790 /* Services */,
			);
			path = Source;
			sourceTree = "<group>";
		};
		85526B5A28CB7F9D00A7C790 /* Resource */ = {
			isa = PBXGroup;
			children = (
				85526B5528CB7F3700A7C790 /* SweepAppDatabase.xcdatamodeld */,
				85ECDCED28D3664800E5C025 /* Assets.xcassets */,
			);
			path = Resource;
			sourceTree = "<group>";
		};
		85526B5B28CB84A100A7C790 /* Views */ = {
			isa = PBXGroup;
			children = (
				85ECDCA328D10F0700E5C025 /* TasksCollectionViewCell.swift */,
				85ECDCE928D29CE400E5C025 /* AddTaskWindowView.swift */,
				85ECDCEB28D3644500E5C025 /* TextFieldWithPadding.swift */,
			);
			path = Views;
			sourceTree = "<group>";
		};
		85526B5C28CB84A900A7C790 /* Models */ = {
			isa = PBXGroup;
			children = (
				85526B6628CB868300A7C790 /* Task.swift */,
				85ECDCA528D10F2700E5C025 /* TaskMoc.swift */,
			);
			path = Models;
			sourceTree = "<group>";
		};
		85526B5D28CB84AF00A7C790 /* ViewModels */ = {
			isa = PBXGroup;
			children = (
				85526B6228CB863500A7C790 /* ViewModel.swift */,
			);
			path = ViewModels;
			sourceTree = "<group>";
		};
		85526B5E28CB84B400A7C790 /* Controllers */ = {
			isa = PBXGroup;
			children = (
				3FA9975F28CB646C00597EFF /* ViewController.swift */,
				85ECDCAA28D269AB00E5C025 /* AddTaskViewController.swift */,
			);
			path = Controllers;
			sourceTree = "<group>";
		};
		85526B5F28CB84C400A7C790 /* Services */ = {
			isa = PBXGroup;
			children = (
				85526B6428CB866700A7C790 /* CoreDataManager.swift */,
			);
			path = Services;
			sourceTree = "<group>";
		};
		85ECDCA728D10F7F00E5C025 /* Protocols */ = {
			isa = PBXGroup;
			children = (
				85ECDCA828D10F9300E5C025 /* ViewCoding.swift */,
			);
			path = Protocols;
			sourceTree = "<group>";
		};
		CACDCE153BE977B24A6E8B7B /* Frameworks */ = {
			isa = PBXGroup;
			children = (
				567DA25A29E41546A0BFD403 /* Pods_SweepApp.framework */,
				81D29A45235440DF1E818E77 /* Pods_SweepApp_SweepAppUITests.framework */,
				0FD8A595C3657F11A785A39C /* Pods_SweepAppTests.framework */,
			);
			name = Frameworks;
			sourceTree = "<group>";
		};
		D666CB542A66673297D56BA3 /* Pods */ = {
			isa = PBXGroup;
			children = (
				AF58D6E0120B9B81243BAFF2 /* Pods-SweepApp.debug.xcconfig */,
				D37DD173EE739BD31C9EE0CE /* Pods-SweepApp.release.xcconfig */,
				2906FF8D5151548574DEAFDF /* Pods-SweepApp-SweepAppUITests.debug.xcconfig */,
				FC4E1D9FD46A7626C30F967C /* Pods-SweepApp-SweepAppUITests.release.xcconfig */,
				0782B2A80A44BDB90992B2E8 /* Pods-SweepAppTests.debug.xcconfig */,
				7676043A4293BD7D2FE2252A /* Pods-SweepAppTests.release.xcconfig */,
			);
			path = Pods;
			sourceTree = "<group>";
		};
/* End PBXGroup section */

/* Begin PBXNativeTarget section */
		3FA9975728CB646C00597EFF /* SweepApp */ = {
			isa = PBXNativeTarget;
			buildConfigurationList = 3FA9978228CB646F00597EFF /* Build configuration list for PBXNativeTarget "SweepApp" */;
			buildPhases = (
				26F2DB7B7ED86A58661ACB18 /* [CP] Check Pods Manifest.lock */,
				3FA9975428CB646C00597EFF /* Sources */,
				3FA9975528CB646C00597EFF /* Frameworks */,
				3FA9975628CB646C00597EFF /* Resources */,
				85526B1528CB7A5000A7C790 /* ShellScript */,
			);
			buildRules = (
			);
			dependencies = (
			);
			name = SweepApp;
			productName = SweepApp;
			productReference = 3FA9975828CB646C00597EFF /* SweepApp.app */;
			productType = "com.apple.product-type.application";
		};
		3FA9976D28CB646F00597EFF /* SweepAppTests */ = {
			isa = PBXNativeTarget;
			buildConfigurationList = 3FA9978528CB646F00597EFF /* Build configuration list for PBXNativeTarget "SweepAppTests" */;
			buildPhases = (
				39748C355DDF7D03A0BC55F5 /* [CP] Check Pods Manifest.lock */,
				3FA9976A28CB646F00597EFF /* Sources */,
				3FA9976B28CB646F00597EFF /* Frameworks */,
				3FA9976C28CB646F00597EFF /* Resources */,
			);
			buildRules = (
			);
			dependencies = (
				3FA9977028CB646F00597EFF /* PBXTargetDependency */,
			);
			name = SweepAppTests;
			productName = SweepAppTests;
			productReference = 3FA9976E28CB646F00597EFF /* SweepAppTests.xctest */;
			productType = "com.apple.product-type.bundle.unit-test";
		};
		3FA9977728CB646F00597EFF /* SweepAppUITests */ = {
			isa = PBXNativeTarget;
			buildConfigurationList = 3FA9978828CB646F00597EFF /* Build configuration list for PBXNativeTarget "SweepAppUITests" */;
			buildPhases = (
				71757055A01B90FD158C7A64 /* [CP] Check Pods Manifest.lock */,
				3FA9977428CB646F00597EFF /* Sources */,
				3FA9977528CB646F00597EFF /* Frameworks */,
				3FA9977628CB646F00597EFF /* Resources */,
			);
			buildRules = (
			);
			dependencies = (
				3FA9977A28CB646F00597EFF /* PBXTargetDependency */,
			);
			name = SweepAppUITests;
			productName = SweepAppUITests;
			productReference = 3FA9977828CB646F00597EFF /* SweepAppUITests.xctest */;
			productType = "com.apple.product-type.bundle.ui-testing";
		};
/* End PBXNativeTarget section */

/* Begin PBXProject section */
		3FA9975028CB646C00597EFF /* Project object */ = {
			isa = PBXProject;
			attributes = {
				BuildIndependentTargetsInParallel = 1;
				LastSwiftUpdateCheck = 1340;
				LastUpgradeCheck = 1340;
				TargetAttributes = {
					3FA9975728CB646C00597EFF = {
						CreatedOnToolsVersion = 13.4.1;
					};
					3FA9976D28CB646F00597EFF = {
						CreatedOnToolsVersion = 13.4.1;
						TestTargetID = 3FA9975728CB646C00597EFF;
					};
					3FA9977728CB646F00597EFF = {
						CreatedOnToolsVersion = 13.4.1;
						TestTargetID = 3FA9975728CB646C00597EFF;
					};
				};
			};
			buildConfigurationList = 3FA9975328CB646C00597EFF /* Build configuration list for PBXProject "SweepApp" */;
			compatibilityVersion = "Xcode 13.0";
			developmentRegion = en;
			hasScannedForEncodings = 0;
			knownRegions = (
				en,
				Base,
			);
			mainGroup = 3FA9974F28CB646C00597EFF;
			productRefGroup = 3FA9975928CB646C00597EFF /* Products */;
			projectDirPath = "";
			projectRoot = "";
			targets = (
				3FA9975728CB646C00597EFF /* SweepApp */,
				3FA9976D28CB646F00597EFF /* SweepAppTests */,
				3FA9977728CB646F00597EFF /* SweepAppUITests */,
			);
		};
/* End PBXProject section */

/* Begin PBXResourcesBuildPhase section */
		3FA9975628CB646C00597EFF /* Resources */ = {
			isa = PBXResourcesBuildPhase;
			buildActionMask = 2147483647;
			files = (
				85ECDCEE28D3664800E5C025 /* Assets.xcassets in Resources */,
				3FA9976828CB646F00597EFF /* LaunchScreen.storyboard in Resources */,
			);
			runOnlyForDeploymentPostprocessing = 0;
		};
		3FA9976C28CB646F00597EFF /* Resources */ = {
			isa = PBXResourcesBuildPhase;
			buildActionMask = 2147483647;
			files = (
			);
			runOnlyForDeploymentPostprocessing = 0;
		};
		3FA9977628CB646F00597EFF /* Resources */ = {
			isa = PBXResourcesBuildPhase;
			buildActionMask = 2147483647;
			files = (
			);
			runOnlyForDeploymentPostprocessing = 0;
		};
/* End PBXResourcesBuildPhase section */

/* Begin PBXShellScriptBuildPhase section */
		26F2DB7B7ED86A58661ACB18 /* [CP] Check Pods Manifest.lock */ = {
			isa = PBXShellScriptBuildPhase;
			buildActionMask = 2147483647;
			files = (
			);
			inputFileListPaths = (
			);
			inputPaths = (
				"${PODS_PODFILE_DIR_PATH}/Podfile.lock",
				"${PODS_ROOT}/Manifest.lock",
			);
			name = "[CP] Check Pods Manifest.lock";
			outputFileListPaths = (
			);
			outputPaths = (
				"$(DERIVED_FILE_DIR)/Pods-SweepApp-checkManifestLockResult.txt",
			);
			runOnlyForDeploymentPostprocessing = 0;
			shellPath = /bin/sh;
			shellScript = "diff \"${PODS_PODFILE_DIR_PATH}/Podfile.lock\" \"${PODS_ROOT}/Manifest.lock\" > /dev/null\nif [ $? != 0 ] ; then\n    # print error to STDERR\n    echo \"error: The sandbox is not in sync with the Podfile.lock. Run 'pod install' or update your CocoaPods installation.\" >&2\n    exit 1\nfi\n# This output is used by Xcode 'outputs' to avoid re-running this script phase.\necho \"SUCCESS\" > \"${SCRIPT_OUTPUT_FILE_0}\"\n";
			showEnvVarsInLog = 0;
		};
		39748C355DDF7D03A0BC55F5 /* [CP] Check Pods Manifest.lock */ = {
			isa = PBXShellScriptBuildPhase;
			buildActionMask = 2147483647;
			files = (
			);
			inputFileListPaths = (
			);
			inputPaths = (
				"${PODS_PODFILE_DIR_PATH}/Podfile.lock",
				"${PODS_ROOT}/Manifest.lock",
			);
			name = "[CP] Check Pods Manifest.lock";
			outputFileListPaths = (
			);
			outputPaths = (
				"$(DERIVED_FILE_DIR)/Pods-SweepAppTests-checkManifestLockResult.txt",
			);
			runOnlyForDeploymentPostprocessing = 0;
			shellPath = /bin/sh;
			shellScript = "diff \"${PODS_PODFILE_DIR_PATH}/Podfile.lock\" \"${PODS_ROOT}/Manifest.lock\" > /dev/null\nif [ $? != 0 ] ; then\n    # print error to STDERR\n    echo \"error: The sandbox is not in sync with the Podfile.lock. Run 'pod install' or update your CocoaPods installation.\" >&2\n    exit 1\nfi\n# This output is used by Xcode 'outputs' to avoid re-running this script phase.\necho \"SUCCESS\" > \"${SCRIPT_OUTPUT_FILE_0}\"\n";
			showEnvVarsInLog = 0;
		};
		71757055A01B90FD158C7A64 /* [CP] Check Pods Manifest.lock */ = {
			isa = PBXShellScriptBuildPhase;
			buildActionMask = 2147483647;
			files = (
			);
			inputFileListPaths = (
			);
			inputPaths = (
				"${PODS_PODFILE_DIR_PATH}/Podfile.lock",
				"${PODS_ROOT}/Manifest.lock",
			);
			name = "[CP] Check Pods Manifest.lock";
			outputFileListPaths = (
			);
			outputPaths = (
				"$(DERIVED_FILE_DIR)/Pods-SweepApp-SweepAppUITests-checkManifestLockResult.txt",
			);
			runOnlyForDeploymentPostprocessing = 0;
			shellPath = /bin/sh;
			shellScript = "diff \"${PODS_PODFILE_DIR_PATH}/Podfile.lock\" \"${PODS_ROOT}/Manifest.lock\" > /dev/null\nif [ $? != 0 ] ; then\n    # print error to STDERR\n    echo \"error: The sandbox is not in sync with the Podfile.lock. Run 'pod install' or update your CocoaPods installation.\" >&2\n    exit 1\nfi\n# This output is used by Xcode 'outputs' to avoid re-running this script phase.\necho \"SUCCESS\" > \"${SCRIPT_OUTPUT_FILE_0}\"\n";
			showEnvVarsInLog = 0;
		};
		85526B1528CB7A5000A7C790 /* ShellScript */ = {
			isa = PBXShellScriptBuildPhase;
			buildActionMask = 2147483647;
			files = (
			);
			inputFileListPaths = (
			);
			inputPaths = (
			);
			outputFileListPaths = (
			);
			outputPaths = (
			);
			runOnlyForDeploymentPostprocessing = 0;
			shellPath = /bin/sh;
			shellScript = "export PATH=\"$PATH:/opt/homebrew/bin\"\nif which swiftlint > /dev/null; then\n  swiftlint\nelse\n  echo \"warning: SwiftLint not installed, download from https://github.com/realm/SwiftLint\"\nfi\n";
		};
/* End PBXShellScriptBuildPhase section */

/* Begin PBXSourcesBuildPhase section */
		3FA9975428CB646C00597EFF /* Sources */ = {
			isa = PBXSourcesBuildPhase;
			buildActionMask = 2147483647;
			files = (
				85526B6728CB868300A7C790 /* Task.swift in Sources */,
				3FA9976028CB646C00597EFF /* ViewController.swift in Sources */,
				85ECDCA928D10F9300E5C025 /* ViewCoding.swift in Sources */,
				85526B6528CB866700A7C790 /* CoreDataManager.swift in Sources */,
				85ECDCEC28D3644500E5C025 /* TextFieldWithPadding.swift in Sources */,
				85ECDCA628D10F2700E5C025 /* TaskMoc.swift in Sources */,
				85526B6328CB863500A7C790 /* ViewModel.swift in Sources */,
				85ECDCEA28D29CE400E5C025 /* AddTaskWindowView.swift in Sources */,
				85ECDCAB28D269AB00E5C025 /* AddTaskViewController.swift in Sources */,
				3FA9975C28CB646C00597EFF /* AppDelegate.swift in Sources */,
				85ECDCA428D10F0700E5C025 /* TasksCollectionViewCell.swift in Sources */,
				3FA9975E28CB646C00597EFF /* SceneDelegate.swift in Sources */,
				85526B5728CB7F3700A7C790 /* SweepAppDatabase.xcdatamodeld in Sources */,
			);
			runOnlyForDeploymentPostprocessing = 0;
		};
		3FA9976A28CB646F00597EFF /* Sources */ = {
			isa = PBXSourcesBuildPhase;
			buildActionMask = 2147483647;
			files = (
				854C723C28CF7230009A9301 /* CoreDataManagerTests.swift in Sources */,
				3FA9977328CB646F00597EFF /* SweepAppTests.swift in Sources */,
			);
			runOnlyForDeploymentPostprocessing = 0;
		};
		3FA9977428CB646F00597EFF /* Sources */ = {
			isa = PBXSourcesBuildPhase;
			buildActionMask = 2147483647;
			files = (
				3FA9977F28CB646F00597EFF /* SweepAppUITestsLaunchTests.swift in Sources */,
				3FA9977D28CB646F00597EFF /* SweepAppUITests.swift in Sources */,
			);
			runOnlyForDeploymentPostprocessing = 0;
		};
/* End PBXSourcesBuildPhase section */

/* Begin PBXTargetDependency section */
		3FA9977028CB646F00597EFF /* PBXTargetDependency */ = {
			isa = PBXTargetDependency;
			target = 3FA9975728CB646C00597EFF /* SweepApp */;
			targetProxy = 3FA9976F28CB646F00597EFF /* PBXContainerItemProxy */;
		};
		3FA9977A28CB646F00597EFF /* PBXTargetDependency */ = {
			isa = PBXTargetDependency;
			target = 3FA9975728CB646C00597EFF /* SweepApp */;
			targetProxy = 3FA9977928CB646F00597EFF /* PBXContainerItemProxy */;
		};
/* End PBXTargetDependency section */

/* Begin PBXVariantGroup section */
		3FA9976628CB646F00597EFF /* LaunchScreen.storyboard */ = {
			isa = PBXVariantGroup;
			children = (
				3FA9976728CB646F00597EFF /* Base */,
			);
			name = LaunchScreen.storyboard;
			sourceTree = "<group>";
		};
/* End PBXVariantGroup section */

/* Begin XCBuildConfiguration section */
		3FA9978028CB646F00597EFF /* Debug */ = {
			isa = XCBuildConfiguration;
			buildSettings = {
				ALWAYS_SEARCH_USER_PATHS = NO;
				CLANG_ANALYZER_NONNULL = YES;
				CLANG_ANALYZER_NUMBER_OBJECT_CONVERSION = YES_AGGRESSIVE;
				CLANG_CXX_LANGUAGE_STANDARD = "gnu++17";
				CLANG_ENABLE_MODULES = YES;
				CLANG_ENABLE_OBJC_ARC = YES;
				CLANG_ENABLE_OBJC_WEAK = YES;
				CLANG_WARN_BLOCK_CAPTURE_AUTORELEASING = YES;
				CLANG_WARN_BOOL_CONVERSION = YES;
				CLANG_WARN_COMMA = YES;
				CLANG_WARN_CONSTANT_CONVERSION = YES;
				CLANG_WARN_DEPRECATED_OBJC_IMPLEMENTATIONS = YES;
				CLANG_WARN_DIRECT_OBJC_ISA_USAGE = YES_ERROR;
				CLANG_WARN_DOCUMENTATION_COMMENTS = YES;
				CLANG_WARN_EMPTY_BODY = YES;
				CLANG_WARN_ENUM_CONVERSION = YES;
				CLANG_WARN_INFINITE_RECURSION = YES;
				CLANG_WARN_INT_CONVERSION = YES;
				CLANG_WARN_NON_LITERAL_NULL_CONVERSION = YES;
				CLANG_WARN_OBJC_IMPLICIT_RETAIN_SELF = YES;
				CLANG_WARN_OBJC_LITERAL_CONVERSION = YES;
				CLANG_WARN_OBJC_ROOT_CLASS = YES_ERROR;
				CLANG_WARN_QUOTED_INCLUDE_IN_FRAMEWORK_HEADER = YES;
				CLANG_WARN_RANGE_LOOP_ANALYSIS = YES;
				CLANG_WARN_STRICT_PROTOTYPES = YES;
				CLANG_WARN_SUSPICIOUS_MOVE = YES;
				CLANG_WARN_UNGUARDED_AVAILABILITY = YES_AGGRESSIVE;
				CLANG_WARN_UNREACHABLE_CODE = YES;
				CLANG_WARN__DUPLICATE_METHOD_MATCH = YES;
				COPY_PHASE_STRIP = NO;
				DEBUG_INFORMATION_FORMAT = dwarf;
				ENABLE_STRICT_OBJC_MSGSEND = YES;
				ENABLE_TESTABILITY = YES;
				GCC_C_LANGUAGE_STANDARD = gnu11;
				GCC_DYNAMIC_NO_PIC = NO;
				GCC_NO_COMMON_BLOCKS = YES;
				GCC_OPTIMIZATION_LEVEL = 0;
				GCC_PREPROCESSOR_DEFINITIONS = (
					"DEBUG=1",
					"$(inherited)",
				);
				GCC_WARN_64_TO_32_BIT_CONVERSION = YES;
				GCC_WARN_ABOUT_RETURN_TYPE = YES_ERROR;
				GCC_WARN_UNDECLARED_SELECTOR = YES;
				GCC_WARN_UNINITIALIZED_AUTOS = YES_AGGRESSIVE;
				GCC_WARN_UNUSED_FUNCTION = YES;
				GCC_WARN_UNUSED_VARIABLE = YES;
				IPHONEOS_DEPLOYMENT_TARGET = 15.5;
				MTL_ENABLE_DEBUG_INFO = INCLUDE_SOURCE;
				MTL_FAST_MATH = YES;
				ONLY_ACTIVE_ARCH = YES;
				SDKROOT = iphoneos;
				SWIFT_ACTIVE_COMPILATION_CONDITIONS = DEBUG;
				SWIFT_OPTIMIZATION_LEVEL = "-Onone";
			};
			name = Debug;
		};
		3FA9978128CB646F00597EFF /* Release */ = {
			isa = XCBuildConfiguration;
			buildSettings = {
				ALWAYS_SEARCH_USER_PATHS = NO;
				CLANG_ANALYZER_NONNULL = YES;
				CLANG_ANALYZER_NUMBER_OBJECT_CONVERSION = YES_AGGRESSIVE;
				CLANG_CXX_LANGUAGE_STANDARD = "gnu++17";
				CLANG_ENABLE_MODULES = YES;
				CLANG_ENABLE_OBJC_ARC = YES;
				CLANG_ENABLE_OBJC_WEAK = YES;
				CLANG_WARN_BLOCK_CAPTURE_AUTORELEASING = YES;
				CLANG_WARN_BOOL_CONVERSION = YES;
				CLANG_WARN_COMMA = YES;
				CLANG_WARN_CONSTANT_CONVERSION = YES;
				CLANG_WARN_DEPRECATED_OBJC_IMPLEMENTATIONS = YES;
				CLANG_WARN_DIRECT_OBJC_ISA_USAGE = YES_ERROR;
				CLANG_WARN_DOCUMENTATION_COMMENTS = YES;
				CLANG_WARN_EMPTY_BODY = YES;
				CLANG_WARN_ENUM_CONVERSION = YES;
				CLANG_WARN_INFINITE_RECURSION = YES;
				CLANG_WARN_INT_CONVERSION = YES;
				CLANG_WARN_NON_LITERAL_NULL_CONVERSION = YES;
				CLANG_WARN_OBJC_IMPLICIT_RETAIN_SELF = YES;
				CLANG_WARN_OBJC_LITERAL_CONVERSION = YES;
				CLANG_WARN_OBJC_ROOT_CLASS = YES_ERROR;
				CLANG_WARN_QUOTED_INCLUDE_IN_FRAMEWORK_HEADER = YES;
				CLANG_WARN_RANGE_LOOP_ANALYSIS = YES;
				CLANG_WARN_STRICT_PROTOTYPES = YES;
				CLANG_WARN_SUSPICIOUS_MOVE = YES;
				CLANG_WARN_UNGUARDED_AVAILABILITY = YES_AGGRESSIVE;
				CLANG_WARN_UNREACHABLE_CODE = YES;
				CLANG_WARN__DUPLICATE_METHOD_MATCH = YES;
				COPY_PHASE_STRIP = NO;
				DEBUG_INFORMATION_FORMAT = "dwarf-with-dsym";
				ENABLE_NS_ASSERTIONS = NO;
				ENABLE_STRICT_OBJC_MSGSEND = YES;
				GCC_C_LANGUAGE_STANDARD = gnu11;
				GCC_NO_COMMON_BLOCKS = YES;
				GCC_WARN_64_TO_32_BIT_CONVERSION = YES;
				GCC_WARN_ABOUT_RETURN_TYPE = YES_ERROR;
				GCC_WARN_UNDECLARED_SELECTOR = YES;
				GCC_WARN_UNINITIALIZED_AUTOS = YES_AGGRESSIVE;
				GCC_WARN_UNUSED_FUNCTION = YES;
				GCC_WARN_UNUSED_VARIABLE = YES;
				IPHONEOS_DEPLOYMENT_TARGET = 15.5;
				MTL_ENABLE_DEBUG_INFO = NO;
				MTL_FAST_MATH = YES;
				SDKROOT = iphoneos;
				SWIFT_COMPILATION_MODE = wholemodule;
				SWIFT_OPTIMIZATION_LEVEL = "-O";
				VALIDATE_PRODUCT = YES;
			};
			name = Release;
		};
		3FA9978328CB646F00597EFF /* Debug */ = {
			isa = XCBuildConfiguration;
			baseConfigurationReference = AF58D6E0120B9B81243BAFF2 /* Pods-SweepApp.debug.xcconfig */;
			buildSettings = {
				ASSETCATALOG_COMPILER_APPICON_NAME = AppIcon;
				ASSETCATALOG_COMPILER_GLOBAL_ACCENT_COLOR_NAME = AccentColor;
				CODE_SIGN_STYLE = Automatic;
				CURRENT_PROJECT_VERSION = 1;
				DEVELOPMENT_TEAM = F2MBMJ3PK6;
				GENERATE_INFOPLIST_FILE = YES;
				INFOPLIST_FILE = SweepApp/Info.plist;
				INFOPLIST_KEY_UIApplicationSupportsIndirectInputEvents = YES;
				INFOPLIST_KEY_UILaunchStoryboardName = LaunchScreen;
				INFOPLIST_KEY_UISupportedInterfaceOrientations = "UIInterfaceOrientationLandscapeLeft UIInterfaceOrientationLandscapeRight";
				LD_RUNPATH_SEARCH_PATHS = (
					"$(inherited)",
					"@executable_path/Frameworks",
				);
				MARKETING_VERSION = 1.0;
				PRODUCT_BUNDLE_IDENTIFIER = barbosanicolas.SweepApp;
				PRODUCT_NAME = "$(TARGET_NAME)";
				SWIFT_EMIT_LOC_STRINGS = YES;
				SWIFT_VERSION = 5.0;
				TARGETED_DEVICE_FAMILY = "1,2";
			};
			name = Debug;
		};
		3FA9978428CB646F00597EFF /* Release */ = {
			isa = XCBuildConfiguration;
			baseConfigurationReference = D37DD173EE739BD31C9EE0CE /* Pods-SweepApp.release.xcconfig */;
			buildSettings = {
				ASSETCATALOG_COMPILER_APPICON_NAME = AppIcon;
				ASSETCATALOG_COMPILER_GLOBAL_ACCENT_COLOR_NAME = AccentColor;
				CODE_SIGN_STYLE = Automatic;
				CURRENT_PROJECT_VERSION = 1;
				DEVELOPMENT_TEAM = F2MBMJ3PK6;
				GENERATE_INFOPLIST_FILE = YES;
				INFOPLIST_FILE = SweepApp/Info.plist;
				INFOPLIST_KEY_UIApplicationSupportsIndirectInputEvents = YES;
				INFOPLIST_KEY_UILaunchStoryboardName = LaunchScreen;
				INFOPLIST_KEY_UISupportedInterfaceOrientations = "UIInterfaceOrientationLandscapeLeft UIInterfaceOrientationLandscapeRight";
				LD_RUNPATH_SEARCH_PATHS = (
					"$(inherited)",
					"@executable_path/Frameworks",
				);
				MARKETING_VERSION = 1.0;
				PRODUCT_BUNDLE_IDENTIFIER = barbosanicolas.SweepApp;
				PRODUCT_NAME = "$(TARGET_NAME)";
				SWIFT_EMIT_LOC_STRINGS = YES;
				SWIFT_VERSION = 5.0;
				TARGETED_DEVICE_FAMILY = "1,2";
			};
			name = Release;
		};
		3FA9978628CB646F00597EFF /* Debug */ = {
			isa = XCBuildConfiguration;
			baseConfigurationReference = 0782B2A80A44BDB90992B2E8 /* Pods-SweepAppTests.debug.xcconfig */;
			buildSettings = {
				ALWAYS_EMBED_SWIFT_STANDARD_LIBRARIES = YES;
				BUNDLE_LOADER = "$(TEST_HOST)";
				CODE_SIGN_STYLE = Automatic;
				CURRENT_PROJECT_VERSION = 1;
				DEVELOPMENT_TEAM = P8RC3XUL63;
				GENERATE_INFOPLIST_FILE = YES;
				IPHONEOS_DEPLOYMENT_TARGET = 15.5;
				MARKETING_VERSION = 1.0;
				PRODUCT_BUNDLE_IDENTIFIER = barbosanicolas.SweepAppTests;
				PRODUCT_NAME = "$(TARGET_NAME)";
				SWIFT_EMIT_LOC_STRINGS = NO;
				SWIFT_VERSION = 5.0;
				TARGETED_DEVICE_FAMILY = "1,2";
				TEST_HOST = "$(BUILT_PRODUCTS_DIR)/SweepApp.app/SweepApp";
			};
			name = Debug;
		};
		3FA9978728CB646F00597EFF /* Release */ = {
			isa = XCBuildConfiguration;
			baseConfigurationReference = 7676043A4293BD7D2FE2252A /* Pods-SweepAppTests.release.xcconfig */;
			buildSettings = {
				ALWAYS_EMBED_SWIFT_STANDARD_LIBRARIES = YES;
				BUNDLE_LOADER = "$(TEST_HOST)";
				CODE_SIGN_STYLE = Automatic;
				CURRENT_PROJECT_VERSION = 1;
				DEVELOPMENT_TEAM = P8RC3XUL63;
				GENERATE_INFOPLIST_FILE = YES;
				IPHONEOS_DEPLOYMENT_TARGET = 15.5;
				MARKETING_VERSION = 1.0;
				PRODUCT_BUNDLE_IDENTIFIER = barbosanicolas.SweepAppTests;
				PRODUCT_NAME = "$(TARGET_NAME)";
				SWIFT_EMIT_LOC_STRINGS = NO;
				SWIFT_VERSION = 5.0;
				TARGETED_DEVICE_FAMILY = "1,2";
				TEST_HOST = "$(BUILT_PRODUCTS_DIR)/SweepApp.app/SweepApp";
			};
			name = Release;
		};
		3FA9978928CB646F00597EFF /* Debug */ = {
			isa = XCBuildConfiguration;
			baseConfigurationReference = 2906FF8D5151548574DEAFDF /* Pods-SweepApp-SweepAppUITests.debug.xcconfig */;
			buildSettings = {
				ALWAYS_EMBED_SWIFT_STANDARD_LIBRARIES = YES;
				CODE_SIGN_STYLE = Automatic;
				CURRENT_PROJECT_VERSION = 1;
				DEVELOPMENT_TEAM = P8RC3XUL63;
				GENERATE_INFOPLIST_FILE = YES;
				MARKETING_VERSION = 1.0;
				PRODUCT_BUNDLE_IDENTIFIER = barbosanicolas.SweepAppUITests;
				PRODUCT_NAME = "$(TARGET_NAME)";
				SWIFT_EMIT_LOC_STRINGS = NO;
				SWIFT_VERSION = 5.0;
				TARGETED_DEVICE_FAMILY = "1,2";
				TEST_TARGET_NAME = SweepApp;
			};
			name = Debug;
		};
		3FA9978A28CB646F00597EFF /* Release */ = {
			isa = XCBuildConfiguration;
			baseConfigurationReference = FC4E1D9FD46A7626C30F967C /* Pods-SweepApp-SweepAppUITests.release.xcconfig */;
			buildSettings = {
				ALWAYS_EMBED_SWIFT_STANDARD_LIBRARIES = YES;
				CODE_SIGN_STYLE = Automatic;
				CURRENT_PROJECT_VERSION = 1;
				DEVELOPMENT_TEAM = P8RC3XUL63;
				GENERATE_INFOPLIST_FILE = YES;
				MARKETING_VERSION = 1.0;
				PRODUCT_BUNDLE_IDENTIFIER = barbosanicolas.SweepAppUITests;
				PRODUCT_NAME = "$(TARGET_NAME)";
				SWIFT_EMIT_LOC_STRINGS = NO;
				SWIFT_VERSION = 5.0;
				TARGETED_DEVICE_FAMILY = "1,2";
				TEST_TARGET_NAME = SweepApp;
			};
			name = Release;
		};
/* End XCBuildConfiguration section */

/* Begin XCConfigurationList section */
		3FA9975328CB646C00597EFF /* Build configuration list for PBXProject "SweepApp" */ = {
			isa = XCConfigurationList;
			buildConfigurations = (
				3FA9978028CB646F00597EFF /* Debug */,
				3FA9978128CB646F00597EFF /* Release */,
			);
			defaultConfigurationIsVisible = 0;
			defaultConfigurationName = Release;
		};
		3FA9978228CB646F00597EFF /* Build configuration list for PBXNativeTarget "SweepApp" */ = {
			isa = XCConfigurationList;
			buildConfigurations = (
				3FA9978328CB646F00597EFF /* Debug */,
				3FA9978428CB646F00597EFF /* Release */,
			);
			defaultConfigurationIsVisible = 0;
			defaultConfigurationName = Release;
		};
		3FA9978528CB646F00597EFF /* Build configuration list for PBXNativeTarget "SweepAppTests" */ = {
			isa = XCConfigurationList;
			buildConfigurations = (
				3FA9978628CB646F00597EFF /* Debug */,
				3FA9978728CB646F00597EFF /* Release */,
			);
			defaultConfigurationIsVisible = 0;
			defaultConfigurationName = Release;
		};
		3FA9978828CB646F00597EFF /* Build configuration list for PBXNativeTarget "SweepAppUITests" */ = {
			isa = XCConfigurationList;
			buildConfigurations = (
				3FA9978928CB646F00597EFF /* Debug */,
				3FA9978A28CB646F00597EFF /* Release */,
			);
			defaultConfigurationIsVisible = 0;
			defaultConfigurationName = Release;
		};
/* End XCConfigurationList section */

/* Begin XCVersionGroup section */
		85526B5528CB7F3700A7C790 /* SweepAppDatabase.xcdatamodeld */ = {
			isa = XCVersionGroup;
			children = (
				85526B5628CB7F3700A7C790 /* SweepAppDatabase.xcdatamodel */,
			);
			currentVersion = 85526B5628CB7F3700A7C790 /* SweepAppDatabase.xcdatamodel */;
			path = SweepAppDatabase.xcdatamodeld;
			sourceTree = "<group>";
			versionGroupType = wrapper.xcdatamodel;
		};
/* End XCVersionGroup section */
	};
	rootObject = 3FA9975028CB646C00597EFF /* Project object */;
}
